<?xml version="1.0" encoding="utf-8"?>
<Project ToolsVersion="4.0" xmlns="http://schemas.microsoft.com/developer/msbuild/2003">
  <ItemGroup>
    <ClInclude Include="pch.h" />
    <ClInclude Include="WorldRenderer.h" />
    <ClInclude Include="Stopwatch.h" />
    <ClInclude Include="Spawner.h" />
  </ItemGroup>
  <ItemGroup>
    <ClCompile Include="Program.cpp" />
    <ClCompile Include="pch.cpp" />
    <ClCompile Include="WorldRenderer.cpp" />
    <ClCompile Include="Stopwatch.cpp" />
    <ClCompile Include="Spawner.cpp" />
  </ItemGroup>
  <ItemGroup>
    <Filter Include="Files">
      <UniqueIdentifier>{460926db-bb1b-47e6-925b-027d86e3a794}</UniqueIdentifier>
    </Filter>
  </ItemGroup>
  <ItemGroup>
    <None Include="Files\Circle2.json">
      <Filter>Files</Filter>
    </None>
    <None Include="Files\Polygon1.json">
      <Filter>Files</Filter>
    </None>
    <None Include="Files\PolygonVS.json">
      <Filter>Files</Filter>
    </None>
    <None Include="Files\CircleVS.json">
      <Filter>Files</Filter>
    </None>
    <None Include="Files\Polygon2.json">
      <Filter>Files</Filter>
    </None>
    <None Include="Files\Circle1.json">
      <Filter>Files</Filter>
    </None>
    <None Include="Files\CircleBrawl2.json">
      <Filter>Files</Filter>
    </None>
    <None Include="Files\CircleBrawl3.json">
      <Filter>Files</Filter>
    </None>
    <None Include="Files\PolygonBrawl1.json">
      <Filter>Files</Filter>
    </None>
    <None Include="Files\PolygonBrawl2.json">
      <Filter>Files</Filter>
    </None>
    <None Include="Files\CircleBrawl1.json">
      <Filter>Files</Filter>
    </None>
    <None Include="Files\PolygonBrawl3.json">
      <Filter>Files</Filter>
    </None>
    <None Include="Files\PolygonBrawl4.json">
      <Filter>Files</Filter>
    </None>
    <None Include="Files\CircleBrawl4.json">
      <Filter>Files</Filter>
    </None>
    <None Include="Files\PolygonStatic.json">
      <Filter>Files</Filter>
    </None>
    <None Include="Files\CircleStatic.json">
      <Filter>Files</Filter>
    </None>
  </ItemGroup>
</Project>